
Microsoft Visual Studio Solution File, Format Version 12.00
# Visual Studio 15
VisualStudioVersion = 15.0.26430.15
MinimumVisualStudioVersion = 10.0.40219.1
Project("{9A19103F-16F7-4668-BE54-9A1E7A4F7556}") = "Web", "src\Web\Web.csproj", "{A6F129DE-194F-4D94-BB28-D0EA968A52DC}"
EndProject
Project("{FAE04EC0-301F-11D3-BF4B-00C04F79EFBC}") = "Data", "src\Data\Data.csproj", "{33A86E0B-2AFF-45F0-9C79-4B74097378C1}"
EndProject
Global
	GlobalSection(SolutionConfigurationPlatforms) = preSolution
		Debug|Any CPU = Debug|Any CPU
		Release|Any CPU = Release|Any CPU
	EndGlobalSection
	GlobalSection(ProjectConfigurationPlatforms) = postSolution
		{A6F129DE-194F-4D94-BB28-D0EA968A52DC}.Debug|Any CPU.ActiveCfg = Debug|Any CPU
		{A6F129DE-194F-4D94-BB28-D0EA968A52DC}.Debug|Any CPU.Build.0 = Debug|Any CPU
		{A6F129DE-194F-4D94-BB28-D0EA968A52DC}.Release|Any CPU.ActiveCfg = Release|Any CPU
		{A6F129DE-194F-4D94-BB28-D0EA968A52DC}.Release|Any CPU.Build.0 = Release|Any CPU
		{33A86E0B-2AFF-45F0-9C79-4B74097378C1}.Debug|Any CPU.ActiveCfg = Debug|Any CPU
		{33A86E0B-2AFF-45F0-9C79-4B74097378C1}.Debug|Any CPU.Build.0 = Debug|Any CPU
		{33A86E0B-2AFF-45F0-9C79-4B74097378C1}.Release|Any CPU.ActiveCfg = Release|Any CPU
		{33A86E0B-2AFF-45F0-9C79-4B74097378C1}.Release|Any CPU.Build.0 = Release|Any CPU
	EndGlobalSection
	GlobalSection(SolutionProperties) = preSolution
		HideSolutionNode = FALSE
	EndGlobalSection
EndGlobal
